// !$*UTF8*$!
{
	archiveVersion = 1;
	classes = {
	};
	objectVersion = 56;
	objects = {

/* Begin PBXBuildFile section */
		4B5CFFC82C60B71F00741200 /* AppDelegate.swift in Sources */ = {isa = PBXBuildFile; fileRef = 4B5CFFC72C60B71F00741200 /* AppDelegate.swift */; };
		4B5CFFCA2C60B71F00741200 /* SceneDelegate.swift in Sources */ = {isa = PBXBuildFile; fileRef = 4B5CFFC92C60B71F00741200 /* SceneDelegate.swift */; };
		4B5CFFCF2C60B71F00741200 /* Base in Resources */ = {isa = PBXBuildFile; fileRef = 4B5CFFCE2C60B71F00741200 /* Base */; };
		4B5CFFD12C60B72100741200 /* Assets.xcassets in Resources */ = {isa = PBXBuildFile; fileRef = 4B5CFFD02C60B72100741200 /* Assets.xcassets */; };
		4B5CFFD42C60B72100741200 /* Base in Resources */ = {isa = PBXBuildFile; fileRef = 4B5CFFD32C60B72100741200 /* Base */; };
		4B5CFFDC2C60BA5D00741200 /* SearchVC.swift in Sources */ = {isa = PBXBuildFile; fileRef = 4B5CFFDB2C60BA5D00741200 /* SearchVC.swift */; };
		4B5CFFDE2C60BA8000741200 /* FavoriteVC.swift in Sources */ = {isa = PBXBuildFile; fileRef = 4B5CFFDD2C60BA8000741200 /* FavoriteVC.swift */; };
		4B5CFFE02C60EF1500741200 /* GithubButton.swift in Sources */ = {isa = PBXBuildFile; fileRef = 4B5CFFDF2C60EF1500741200 /* GithubButton.swift */; };
		4B5CFFE32C60F1E200741200 /* GithubTextField.swift in Sources */ = {isa = PBXBuildFile; fileRef = 4B5CFFE22C60F1E200741200 /* GithubTextField.swift */; };
		4B5CFFE72C60FD9100741200 /* FollowersVC.swift in Sources */ = {isa = PBXBuildFile; fileRef = 4B5CFFE62C60FD9100741200 /* FollowersVC.swift */; };
		4B5CFFE92C615ED900741200 /* CustomAlert.swift in Sources */ = {isa = PBXBuildFile; fileRef = 4B5CFFE82C615ED900741200 /* CustomAlert.swift */; };
		4B5CFFEB2C615F3F00741200 /* GFLabel.swift in Sources */ = {isa = PBXBuildFile; fileRef = 4B5CFFEA2C615F3F00741200 /* GFLabel.swift */; };
		4B5CFFED2C61606B00741200 /* GFBodyLabel.swift in Sources */ = {isa = PBXBuildFile; fileRef = 4B5CFFEC2C61606B00741200 /* GFBodyLabel.swift */; };
		4B5CFFF02C61675B00741200 /* UIViewController+Ext.swift in Sources */ = {isa = PBXBuildFile; fileRef = 4B5CFFEF2C61675A00741200 /* UIViewController+Ext.swift */; };
		4B5CFFF52C6237EB00741200 /* FolloworsModel.swift in Sources */ = {isa = PBXBuildFile; fileRef = 4B5CFFF42C6237EB00741200 /* FolloworsModel.swift */; };
		4B5CFFF72C623CD300741200 /* NetworkLayer.swift in Sources */ = {isa = PBXBuildFile; fileRef = 4B5CFFF62C623CD300741200 /* NetworkLayer.swift */; };
		4B5CFFF92C623E6600741200 /* APIEndpoints.swift in Sources */ = {isa = PBXBuildFile; fileRef = 4B5CFFF82C623E6600741200 /* APIEndpoints.swift */; };
		4B5CFFFB2C624DAB00741200 /* GFCell.swift in Sources */ = {isa = PBXBuildFile; fileRef = 4B5CFFFA2C624DAB00741200 /* GFCell.swift */; };
		4B5CFFFD2C624E6900741200 /* GFAvatarImageView.swift in Sources */ = {isa = PBXBuildFile; fileRef = 4B5CFFFC2C624E6900741200 /* GFAvatarImageView.swift */; };
/* End PBXBuildFile section */

/* Begin PBXFileReference section */
		4B5CFFC42C60B71F00741200 /* GithubSearch.app */ = {isa = PBXFileReference; explicitFileType = wrapper.application; includeInIndex = 0; path = GithubSearch.app; sourceTree = BUILT_PRODUCTS_DIR; };
		4B5CFFC72C60B71F00741200 /* AppDelegate.swift */ = {isa = PBXFileReference; lastKnownFileType = sourcecode.swift; path = AppDelegate.swift; sourceTree = "<group>"; };
		4B5CFFC92C60B71F00741200 /* SceneDelegate.swift */ = {isa = PBXFileReference; lastKnownFileType = sourcecode.swift; path = SceneDelegate.swift; sourceTree = "<group>"; };
		4B5CFFCE2C60B71F00741200 /* Base */ = {isa = PBXFileReference; lastKnownFileType = file.storyboard; name = Base; path = Base.lproj/Main.storyboard; sourceTree = "<group>"; };
		4B5CFFD02C60B72100741200 /* Assets.xcassets */ = {isa = PBXFileReference; lastKnownFileType = folder.assetcatalog; path = Assets.xcassets; sourceTree = "<group>"; };
		4B5CFFD32C60B72100741200 /* Base */ = {isa = PBXFileReference; lastKnownFileType = file.storyboard; name = Base; path = Base.lproj/LaunchScreen.storyboard; sourceTree = "<group>"; };
		4B5CFFD52C60B72100741200 /* Info.plist */ = {isa = PBXFileReference; lastKnownFileType = text.plist.xml; path = Info.plist; sourceTree = "<group>"; };
		4B5CFFDB2C60BA5D00741200 /* SearchVC.swift */ = {isa = PBXFileReference; lastKnownFileType = sourcecode.swift; path = SearchVC.swift; sourceTree = "<group>"; };
		4B5CFFDD2C60BA8000741200 /* FavoriteVC.swift */ = {isa = PBXFileReference; lastKnownFileType = sourcecode.swift; path = FavoriteVC.swift; sourceTree = "<group>"; };
		4B5CFFDF2C60EF1500741200 /* GithubButton.swift */ = {isa = PBXFileReference; lastKnownFileType = sourcecode.swift; path = GithubButton.swift; sourceTree = "<group>"; };
		4B5CFFE22C60F1E200741200 /* GithubTextField.swift */ = {isa = PBXFileReference; lastKnownFileType = sourcecode.swift; path = GithubTextField.swift; sourceTree = "<group>"; };
		4B5CFFE62C60FD9100741200 /* FollowersVC.swift */ = {isa = PBXFileReference; lastKnownFileType = sourcecode.swift; path = FollowersVC.swift; sourceTree = "<group>"; };
		4B5CFFE82C615ED900741200 /* CustomAlert.swift */ = {isa = PBXFileReference; lastKnownFileType = sourcecode.swift; path = CustomAlert.swift; sourceTree = "<group>"; };
		4B5CFFEA2C615F3F00741200 /* GFLabel.swift */ = {isa = PBXFileReference; lastKnownFileType = sourcecode.swift; path = GFLabel.swift; sourceTree = "<group>"; };
		4B5CFFEC2C61606B00741200 /* GFBodyLabel.swift */ = {isa = PBXFileReference; lastKnownFileType = sourcecode.swift; path = GFBodyLabel.swift; sourceTree = "<group>"; };
		4B5CFFEF2C61675A00741200 /* UIViewController+Ext.swift */ = {isa = PBXFileReference; lastKnownFileType = sourcecode.swift; path = "UIViewController+Ext.swift"; sourceTree = "<group>"; };
		4B5CFFF42C6237EB00741200 /* FolloworsModel.swift */ = {isa = PBXFileReference; lastKnownFileType = sourcecode.swift; path = FolloworsModel.swift; sourceTree = "<group>"; };
		4B5CFFF62C623CD300741200 /* NetworkLayer.swift */ = {isa = PBXFileReference; lastKnownFileType = sourcecode.swift; path = NetworkLayer.swift; sourceTree = "<group>"; };
		4B5CFFF82C623E6600741200 /* APIEndpoints.swift */ = {isa = PBXFileReference; lastKnownFileType = sourcecode.swift; path = APIEndpoints.swift; sourceTree = "<group>"; };
		4B5CFFFA2C624DAB00741200 /* GFCell.swift */ = {isa = PBXFileReference; lastKnownFileType = sourcecode.swift; path = GFCell.swift; sourceTree = "<group>"; };
		4B5CFFFC2C624E6900741200 /* GFAvatarImageView.swift */ = {isa = PBXFileReference; lastKnownFileType = sourcecode.swift; path = GFAvatarImageView.swift; sourceTree = "<group>"; };
/* End PBXFileReference section */

/* Begin PBXFrameworksBuildPhase section */
		4B5CFFC12C60B71F00741200 /* Frameworks */ = {
			isa = PBXFrameworksBuildPhase;
			buildActionMask = 2147483647;
			files = (
			);
			runOnlyForDeploymentPostprocessing = 0;
		};
/* End PBXFrameworksBuildPhase section */

/* Begin PBXGroup section */
		4B5CFFBB2C60B71F00741200 = {
			isa = PBXGroup;
			children = (
				4B5CFFC62C60B71F00741200 /* GithubSearch */,
				4B5CFFC52C60B71F00741200 /* Products */,
			);
			sourceTree = "<group>";
		};
		4B5CFFC52C60B71F00741200 /* Products */ = {
			isa = PBXGroup;
			children = (
				4B5CFFC42C60B71F00741200 /* GithubSearch.app */,
			);
			name = Products;
			sourceTree = "<group>";
		};
		4B5CFFC62C60B71F00741200 /* GithubSearch */ = {
			isa = PBXGroup;
			children = (
				4B5CFFF32C6237CE00741200 /* Models */,
				4B5CFFF22C6233F000741200 /* Network Layer */,
				4B5CFFF12C616B2E00741200 /* ViewControllers */,
				4B5CFFEE2C61672100741200 /* Extensions */,
				4B5CFFE12C60F1BC00741200 /* Reuseable+VC */,
				4B5CFFC72C60B71F00741200 /* AppDelegate.swift */,
				4B5CFFC92C60B71F00741200 /* SceneDelegate.swift */,
				4B5CFFCD2C60B71F00741200 /* Main.storyboard */,
				4B5CFFD02C60B72100741200 /* Assets.xcassets */,
				4B5CFFD22C60B72100741200 /* LaunchScreen.storyboard */,
				4B5CFFD52C60B72100741200 /* Info.plist */,
			);
			path = GithubSearch;
			sourceTree = "<group>";
		};
		4B5CFFE12C60F1BC00741200 /* Reuseable+VC */ = {
			isa = PBXGroup;
			children = (
				4B5CFFDF2C60EF1500741200 /* GithubButton.swift */,
				4B5CFFE22C60F1E200741200 /* GithubTextField.swift */,
				4B5CFFE82C615ED900741200 /* CustomAlert.swift */,
				4B5CFFEA2C615F3F00741200 /* GFLabel.swift */,
				4B5CFFEC2C61606B00741200 /* GFBodyLabel.swift */,
				4B5CFFFA2C624DAB00741200 /* GFCell.swift */,
				4B5CFFFC2C624E6900741200 /* GFAvatarImageView.swift */,
			);
			path = "Reuseable+VC";
			sourceTree = "<group>";
		};
		4B5CFFEE2C61672100741200 /* Extensions */ = {
			isa = PBXGroup;
			children = (
				4B5CFFEF2C61675A00741200 /* UIViewController+Ext.swift */,
			);
			path = Extensions;
			sourceTree = "<group>";
		};
		4B5CFFF12C616B2E00741200 /* ViewControllers */ = {
			isa = PBXGroup;
			children = (
				4B5CFFDD2C60BA8000741200 /* FavoriteVC.swift */,
				4B5CFFDB2C60BA5D00741200 /* SearchVC.swift */,
				4B5CFFE62C60FD9100741200 /* FollowersVC.swift */,
			);
			path = ViewControllers;
			sourceTree = "<group>";
		};
		4B5CFFF22C6233F000741200 /* Network Layer */ = {
			isa = PBXGroup;
			children = (
				4B5CFFF62C623CD300741200 /* NetworkLayer.swift */,
				4B5CFFF82C623E6600741200 /* APIEndpoints.swift */,
			);
			path = "Network Layer";
			sourceTree = "<group>";
		};
		4B5CFFF32C6237CE00741200 /* Models */ = {
			isa = PBXGroup;
			children = (
				4B5CFFF42C6237EB00741200 /* FolloworsModel.swift */,
			);
			path = Models;
			sourceTree = "<group>";
		};
/* End PBXGroup section */

/* Begin PBXNativeTarget section */
		4B5CFFC32C60B71F00741200 /* GithubSearch */ = {
			isa = PBXNativeTarget;
			buildConfigurationList = 4B5CFFD82C60B72100741200 /* Build configuration list for PBXNativeTarget "GithubSearch" */;
			buildPhases = (
				4B5CFFC02C60B71F00741200 /* Sources */,
				4B5CFFC12C60B71F00741200 /* Frameworks */,
				4B5CFFC22C60B71F00741200 /* Resources */,
			);
			buildRules = (
			);
			dependencies = (
			);
			name = GithubSearch;
			productName = GithubSearch;
			productReference = 4B5CFFC42C60B71F00741200 /* GithubSearch.app */;
			productType = "com.apple.product-type.application";
		};
/* End PBXNativeTarget section */

/* Begin PBXProject section */
		4B5CFFBC2C60B71F00741200 /* Project object */ = {
			isa = PBXProject;
			attributes = {
				BuildIndependentTargetsInParallel = 1;
				LastSwiftUpdateCheck = 1530;
				LastUpgradeCheck = 1530;
				TargetAttributes = {
					4B5CFFC32C60B71F00741200 = {
						CreatedOnToolsVersion = 15.3;
					};
				};
			};
			buildConfigurationList = 4B5CFFBF2C60B71F00741200 /* Build configuration list for PBXProject "GithubSearch" */;
			compatibilityVersion = "Xcode 14.0";
			developmentRegion = en;
			hasScannedForEncodings = 0;
			knownRegions = (
				en,
				Base,
			);
			mainGroup = 4B5CFFBB2C60B71F00741200;
			productRefGroup = 4B5CFFC52C60B71F00741200 /* Products */;
			projectDirPath = "";
			projectRoot = "";
			targets = (
				4B5CFFC32C60B71F00741200 /* GithubSearch */,
			);
		};
/* End PBXProject section */

/* Begin PBXResourcesBuildPhase section */
		4B5CFFC22C60B71F00741200 /* Resources */ = {
			isa = PBXResourcesBuildPhase;
			buildActionMask = 2147483647;
			files = (
				4B5CFFD12C60B72100741200 /* Assets.xcassets in Resources */,
				4B5CFFD42C60B72100741200 /* Base in Resources */,
				4B5CFFCF2C60B71F00741200 /* Base in Resources */,
			);
			runOnlyForDeploymentPostprocessing = 0;
		};
/* End PBXResourcesBuildPhase section */

/* Begin PBXSourcesBuildPhase section */
		4B5CFFC02C60B71F00741200 /* Sources */ = {
			isa = PBXSourcesBuildPhase;
			buildActionMask = 2147483647;
			files = (
				4B5CFFDC2C60BA5D00741200 /* SearchVC.swift in Sources */,
				4B5CFFF92C623E6600741200 /* APIEndpoints.swift in Sources */,
				4B5CFFC82C60B71F00741200 /* AppDelegate.swift in Sources */,
				4B5CFFE72C60FD9100741200 /* FollowersVC.swift in Sources */,
				4B5CFFFB2C624DAB00741200 /* GFCell.swift in Sources */,
				4B5CFFF72C623CD300741200 /* NetworkLayer.swift in Sources */,
				4B5CFFF02C61675B00741200 /* UIViewController+Ext.swift in Sources */,
				4B5CFFE32C60F1E200741200 /* GithubTextField.swift in Sources */,
				4B5CFFCA2C60B71F00741200 /* SceneDelegate.swift in Sources */,
				4B5CFFE02C60EF1500741200 /* GithubButton.swift in Sources */,
				4B5CFFDE2C60BA8000741200 /* FavoriteVC.swift in Sources */,
				4B5CFFEB2C615F3F00741200 /* GFLabel.swift in Sources */,
				4B5CFFFD2C624E6900741200 /* GFAvatarImageView.swift in Sources */,
				4B5CFFE92C615ED900741200 /* CustomAlert.swift in Sources */,
				4B5CFFED2C61606B00741200 /* GFBodyLabel.swift in Sources */,
				4B5CFFF52C6237EB00741200 /* FolloworsModel.swift in Sources */,
			);
			runOnlyForDeploymentPostprocessing = 0;
		};
/* End PBXSourcesBuildPhase section */

/* Begin PBXVariantGroup section */
		4B5CFFCD2C60B71F00741200 /* Main.storyboard */ = {
			isa = PBXVariantGroup;
			children = (
				4B5CFFCE2C60B71F00741200 /* Base */,
			);
			name = Main.storyboard;
			sourceTree = "<group>";
		};
		4B5CFFD22C60B72100741200 /* LaunchScreen.storyboard */ = {
			isa = PBXVariantGroup;
			children = (
				4B5CFFD32C60B72100741200 /* Base */,
			);
			name = LaunchScreen.storyboard;
			sourceTree = "<group>";
		};
/* End PBXVariantGroup section */

/* Begin XCBuildConfiguration section */
		4B5CFFD62C60B72100741200 /* Debug */ = {
			isa = XCBuildConfiguration;
			buildSettings = {
				ALWAYS_SEARCH_USER_PATHS = NO;
				ASSETCATALOG_COMPILER_GENERATE_SWIFT_ASSET_SYMBOL_EXTENSIONS = YES;
				CLANG_ANALYZER_NONNULL = YES;
				CLANG_ANALYZER_NUMBER_OBJECT_CONVERSION = YES_AGGRESSIVE;
				CLANG_CXX_LANGUAGE_STANDARD = "gnu++20";
				CLANG_ENABLE_MODULES = YES;
				CLANG_ENABLE_OBJC_ARC = YES;
				CLANG_ENABLE_OBJC_WEAK = YES;
				CLANG_WARN_BLOCK_CAPTURE_AUTORELEASING = YES;
				CLANG_WARN_BOOL_CONVERSION = YES;
				CLANG_WARN_COMMA = YES;
				CLANG_WARN_CONSTANT_CONVERSION = YES;
				CLANG_WARN_DEPRECATED_OBJC_IMPLEMENTATIONS = YES;
				CLANG_WARN_DIRECT_OBJC_ISA_USAGE = YES_ERROR;
				CLANG_WARN_DOCUMENTATION_COMMENTS = YES;
				CLANG_WARN_EMPTY_BODY = YES;
				CLANG_WARN_ENUM_CONVERSION = YES;
				CLANG_WARN_INFINITE_RECURSION = YES;
				CLANG_WARN_INT_CONVERSION = YES;
				CLANG_WARN_NON_LITERAL_NULL_CONVERSION = YES;
				CLANG_WARN_OBJC_IMPLICIT_RETAIN_SELF = YES;
				CLANG_WARN_OBJC_LITERAL_CONVERSION = YES;
				CLANG_WARN_OBJC_ROOT_CLASS = YES_ERROR;
				CLANG_WARN_QUOTED_INCLUDE_IN_FRAMEWORK_HEADER = YES;
				CLANG_WARN_RANGE_LOOP_ANALYSIS = YES;
				CLANG_WARN_STRICT_PROTOTYPES = YES;
				CLANG_WARN_SUSPICIOUS_MOVE = YES;
				CLANG_WARN_UNGUARDED_AVAILABILITY = YES_AGGRESSIVE;
				CLANG_WARN_UNREACHABLE_CODE = YES;
				CLANG_WARN__DUPLICATE_METHOD_MATCH = YES;
				COPY_PHASE_STRIP = NO;
				DEBUG_INFORMATION_FORMAT = dwarf;
				ENABLE_STRICT_OBJC_MSGSEND = YES;
				ENABLE_TESTABILITY = YES;
				ENABLE_USER_SCRIPT_SANDBOXING = YES;
				GCC_C_LANGUAGE_STANDARD = gnu17;
				GCC_DYNAMIC_NO_PIC = NO;
				GCC_NO_COMMON_BLOCKS = YES;
				GCC_OPTIMIZATION_LEVEL = 0;
				GCC_PREPROCESSOR_DEFINITIONS = (
					"DEBUG=1",
					"$(inherited)",
				);
				GCC_WARN_64_TO_32_BIT_CONVERSION = YES;
				GCC_WARN_ABOUT_RETURN_TYPE = YES_ERROR;
				GCC_WARN_UNDECLARED_SELECTOR = YES;
				GCC_WARN_UNINITIALIZED_AUTOS = YES_AGGRESSIVE;
				GCC_WARN_UNUSED_FUNCTION = YES;
				GCC_WARN_UNUSED_VARIABLE = YES;
				IPHONEOS_DEPLOYMENT_TARGET = 17.4;
				LOCALIZATION_PREFERS_STRING_CATALOGS = YES;
				MTL_ENABLE_DEBUG_INFO = INCLUDE_SOURCE;
				MTL_FAST_MATH = YES;
				ONLY_ACTIVE_ARCH = YES;
				SDKROOT = iphoneos;
				SWIFT_ACTIVE_COMPILATION_CONDITIONS = "DEBUG $(inherited)";
				SWIFT_OPTIMIZATION_LEVEL = "-Onone";
			};
			name = Debug;
		};
		4B5CFFD72C60B72100741200 /* Release */ = {
			isa = XCBuildConfiguration;
			buildSettings = {
				ALWAYS_SEARCH_USER_PATHS = NO;
				ASSETCATALOG_COMPILER_GENERATE_SWIFT_ASSET_SYMBOL_EXTENSIONS = YES;
				CLANG_ANALYZER_NONNULL = YES;
				CLANG_ANALYZER_NUMBER_OBJECT_CONVERSION = YES_AGGRESSIVE;
				CLANG_CXX_LANGUAGE_STANDARD = "gnu++20";
				CLANG_ENABLE_MODULES = YES;
				CLANG_ENABLE_OBJC_ARC = YES;
				CLANG_ENABLE_OBJC_WEAK = YES;
				CLANG_WARN_BLOCK_CAPTURE_AUTORELEASING = YES;
				CLANG_WARN_BOOL_CONVERSION = YES;
				CLANG_WARN_COMMA = YES;
				CLANG_WARN_CONSTANT_CONVERSION = YES;
				CLANG_WARN_DEPRECATED_OBJC_IMPLEMENTATIONS = YES;
				CLANG_WARN_DIRECT_OBJC_ISA_USAGE = YES_ERROR;
				CLANG_WARN_DOCUMENTATION_COMMENTS = YES;
				CLANG_WARN_EMPTY_BODY = YES;
				CLANG_WARN_ENUM_CONVERSION = YES;
				CLANG_WARN_INFINITE_RECURSION = YES;
				CLANG_WARN_INT_CONVERSION = YES;
				CLANG_WARN_NON_LITERAL_NULL_CONVERSION = YES;
				CLANG_WARN_OBJC_IMPLICIT_RETAIN_SELF = YES;
				CLANG_WARN_OBJC_LITERAL_CONVERSION = YES;
				CLANG_WARN_OBJC_ROOT_CLASS = YES_ERROR;
				CLANG_WARN_QUOTED_INCLUDE_IN_FRAMEWORK_HEADER = YES;
				CLANG_WARN_RANGE_LOOP_ANALYSIS = YES;
				CLANG_WARN_STRICT_PROTOTYPES = YES;
				CLANG_WARN_SUSPICIOUS_MOVE = YES;
				CLANG_WARN_UNGUARDED_AVAILABILITY = YES_AGGRESSIVE;
				CLANG_WARN_UNREACHABLE_CODE = YES;
				CLANG_WARN__DUPLICATE_METHOD_MATCH = YES;
				COPY_PHASE_STRIP = NO;
				DEBUG_INFORMATION_FORMAT = "dwarf-with-dsym";
				ENABLE_NS_ASSERTIONS = NO;
				ENABLE_STRICT_OBJC_MSGSEND = YES;
				ENABLE_USER_SCRIPT_SANDBOXING = YES;
				GCC_C_LANGUAGE_STANDARD = gnu17;
				GCC_NO_COMMON_BLOCKS = YES;
				GCC_WARN_64_TO_32_BIT_CONVERSION = YES;
				GCC_WARN_ABOUT_RETURN_TYPE = YES_ERROR;
				GCC_WARN_UNDECLARED_SELECTOR = YES;
				GCC_WARN_UNINITIALIZED_AUTOS = YES_AGGRESSIVE;
				GCC_WARN_UNUSED_FUNCTION = YES;
				GCC_WARN_UNUSED_VARIABLE = YES;
				IPHONEOS_DEPLOYMENT_TARGET = 17.4;
				LOCALIZATION_PREFERS_STRING_CATALOGS = YES;
				MTL_ENABLE_DEBUG_INFO = NO;
				MTL_FAST_MATH = YES;
				SDKROOT = iphoneos;
				SWIFT_COMPILATION_MODE = wholemodule;
				VALIDATE_PRODUCT = YES;
			};
			name = Release;
		};
		4B5CFFD92C60B72100741200 /* Debug */ = {
			isa = XCBuildConfiguration;
			buildSettings = {
				ASSETCATALOG_COMPILER_APPICON_NAME = AppIcon;
				ASSETCATALOG_COMPILER_GLOBAL_ACCENT_COLOR_NAME = AccentColor;
				CODE_SIGN_STYLE = Automatic;
				CURRENT_PROJECT_VERSION = 1;
				DEVELOPMENT_TEAM = 8K5Z5UAV3V;
				GENERATE_INFOPLIST_FILE = YES;
				INFOPLIST_FILE = GithubSearch/Info.plist;
				INFOPLIST_KEY_UIApplicationSupportsIndirectInputEvents = YES;
				INFOPLIST_KEY_UILaunchStoryboardName = LaunchScreen;
				INFOPLIST_KEY_UIMainStoryboardFile = Main;
				INFOPLIST_KEY_UISupportedInterfaceOrientations_iPad = "UIInterfaceOrientationPortrait UIInterfaceOrientationPortraitUpsideDown UIInterfaceOrientationLandscapeLeft UIInterfaceOrientationLandscapeRight";
				INFOPLIST_KEY_UISupportedInterfaceOrientations_iPhone = "UIInterfaceOrientationPortrait UIInterfaceOrientationLandscapeLeft UIInterfaceOrientationLandscapeRight";
				LD_RUNPATH_SEARCH_PATHS = (
					"$(inherited)",
					"@executable_path/Frameworks",
				);
				MARKETING_VERSION = 1.0;
				PRODUCT_BUNDLE_IDENTIFIER = com.GithubSearch;
				PRODUCT_NAME = "$(TARGET_NAME)";
				SWIFT_EMIT_LOC_STRINGS = YES;
				SWIFT_VERSION = 5.0;
				TARGETED_DEVICE_FAMILY = "1,2";
			};
			name = Debug;
		};
		4B5CFFDA2C60B72100741200 /* Release */ = {
			isa = XCBuildConfiguration;
			buildSettings = {
				ASSETCATALOG_COMPILER_APPICON_NAME = AppIcon;
				ASSETCATALOG_COMPILER_GLOBAL_ACCENT_COLOR_NAME = AccentColor;
				CODE_SIGN_STYLE = Automatic;
				CURRENT_PROJECT_VERSION = 1;
				DEVELOPMENT_TEAM = 8K5Z5UAV3V;
				GENERATE_INFOPLIST_FILE = YES;
				INFOPLIST_FILE = GithubSearch/Info.plist;
				INFOPLIST_KEY_UIApplicationSupportsIndirectInputEvents = YES;
				INFOPLIST_KEY_UILaunchStoryboardName = LaunchScreen;
				INFOPLIST_KEY_UIMainStoryboardFile = Main;
				INFOPLIST_KEY_UISupportedInterfaceOrientations_iPad = "UIInterfaceOrientationPortrait UIInterfaceOrientationPortraitUpsideDown UIInterfaceOrientationLandscapeLeft UIInterfaceOrientationLandscapeRight";
				INFOPLIST_KEY_UISupportedInterfaceOrientations_iPhone = "UIInterfaceOrientationPortrait UIInterfaceOrientationLandscapeLeft UIInterfaceOrientationLandscapeRight";
				LD_RUNPATH_SEARCH_PATHS = (
					"$(inherited)",
					"@executable_path/Frameworks",
				);
				MARKETING_VERSION = 1.0;
				PRODUCT_BUNDLE_IDENTIFIER = com.GithubSearch;
				PRODUCT_NAME = "$(TARGET_NAME)";
				SWIFT_EMIT_LOC_STRINGS = YES;
				SWIFT_VERSION = 5.0;
				TARGETED_DEVICE_FAMILY = "1,2";
			};
			name = Release;
		};
/* End XCBuildConfiguration section */

/* Begin XCConfigurationList section */
		4B5CFFBF2C60B71F00741200 /* Build configuration list for PBXProject "GithubSearch" */ = {
			isa = XCConfigurationList;
			buildConfigurations = (
				4B5CFFD62C60B72100741200 /* Debug */,
				4B5CFFD72C60B72100741200 /* Release */,
			);
			defaultConfigurationIsVisible = 0;
			defaultConfigurationName = Release;
		};
		4B5CFFD82C60B72100741200 /* Build configuration list for PBXNativeTarget "GithubSearch" */ = {
			isa = XCConfigurationList;
			buildConfigurations = (
				4B5CFFD92C60B72100741200 /* Debug */,
				4B5CFFDA2C60B72100741200 /* Release */,
			);
			defaultConfigurationIsVisible = 0;
			defaultConfigurationName = Release;
		};
/* End XCConfigurationList section */
	};
	rootObject = 4B5CFFBC2C60B71F00741200 /* Project object */;
}
